
Microsoft Visual Studio Solution File, Format Version 12.00
# Visual Studio 14
VisualStudioVersion = 14.0.25123.0
MinimumVisualStudioVersion = 10.0.40219.1
Project("{FAE04EC0-301F-11D3-BF4B-00C04F79EFBC}") = "Zoollection", "Zoollection\Zoollection.csproj", "{69FDB14F-1C01-4714-B1A9-4880BF8E5CD3}"
EndProject
Project("{FAE04EC0-301F-11D3-BF4B-00C04F79EFBC}") = "Zoollection.Tests", "Zoollection.Tests\Zoollection.Tests.csproj", "{47CD2F73-F451-48FE-B459-FD93D87B55DA}"
EndProject
Global
	GlobalSection(SolutionConfigurationPlatforms) = preSolution
		Debug|Any CPU = Debug|Any CPU
		Release|Any CPU = Release|Any CPU
	EndGlobalSection
	GlobalSection(ProjectConfigurationPlatforms) = postSolution
		{69FDB14F-1C01-4714-B1A9-4880BF8E5CD3}.Debug|Any CPU.ActiveCfg = Debug|Any CPU
		{69FDB14F-1C01-4714-B1A9-4880BF8E5CD3}.Debug|Any CPU.Build.0 = Debug|Any CPU
		{69FDB14F-1C01-4714-B1A9-4880BF8E5CD3}.Release|Any CPU.ActiveCfg = Release|Any CPU
		{69FDB14F-1C01-4714-B1A9-4880BF8E5CD3}.Release|Any CPU.Build.0 = Release|Any CPU
		{47CD2F73-F451-48FE-B459-FD93D87B55DA}.Debug|Any CPU.ActiveCfg = Debug|Any CPU
		{47CD2F73-F451-48FE-B459-FD93D87B55DA}.Debug|Any CPU.Build.0 = Debug|Any CPU
		{47CD2F73-F451-48FE-B459-FD93D87B55DA}.Release|Any CPU.ActiveCfg = Release|Any CPU
		{47CD2F73-F451-48FE-B459-FD93D87B55DA}.Release|Any CPU.Build.0 = Release|Any CPU
	EndGlobalSection
	GlobalSection(SolutionProperties) = preSolution
		HideSolutionNode = FALSE
	EndGlobalSection
EndGlobal
